
Microsoft Visual Studio Solution File, Format Version 12.00
# Visual Studio Version 17
VisualStudioVersion = 17.8.34205.153
MinimumVisualStudioVersion = 10.0.40219.1
Project("{9A19103F-16F7-4668-BE54-9A1E7A4F7556}") = "Cocomo", "src\Cocomo\Cocomo.csproj", "{44451B12-1CA0-49C6-9C28-1BAA7A1D5651}"
EndProject
Project("{2150E333-8FDC-42A3-9474-1A3956D46DE8}") = "Solution Items", "Solution Items", "{334EB380-559F-4F1F-BA54-8DD61D2C23A5}"
	ProjectSection(SolutionItems) = preProject
		README.md = README.md
	EndProjectSection
EndProject
Global
	GlobalSection(SolutionConfigurationPlatforms) = preSolution
		Debug|Any CPU = Debug|Any CPU
		Release|Any CPU = Release|Any CPU
	EndGlobalSection
	GlobalSection(ProjectConfigurationPlatforms) = postSolution
		{44451B12-1CA0-49C6-9C28-1BAA7A1D5651}.Debug|Any CPU.ActiveCfg = Debug|Any CPU
		{44451B12-1CA0-49C6-9C28-1BAA7A1D5651}.Debug|Any CPU.Build.0 = Debug|Any CPU
		{44451B12-1CA0-49C6-9C28-1BAA7A1D5651}.Release|Any CPU.ActiveCfg = Release|Any CPU
		{44451B12-1CA0-49C6-9C28-1BAA7A1D5651}.Release|Any CPU.Build.0 = Release|Any CPU
	EndGlobalSection
	GlobalSection(SolutionProperties) = preSolution
		HideSolutionNode = FALSE
	EndGlobalSection
	GlobalSection(ExtensibilityGlobals) = postSolution
		SolutionGuid = {75EAAB0C-A2B7-4842-A1D9-C9EB8837624E}
	EndGlobalSection
EndGlobal
